
Microsoft Visual Studio Solution File, Format Version 12.00
# Visual Studio Version 17
VisualStudioVersion = 17.0.31912.275
MinimumVisualStudioVersion = 10.0.40219.1
Project("{9A19103F-16F7-4668-BE54-9A1E7A4F7556}") = "Day01", "Day01\Day01.csproj", "{54B4CF00-A4C1-405B-AD8F-3722E703BEB0}"
EndProject
Project("{9A19103F-16F7-4668-BE54-9A1E7A4F7556}") = "Day02", "Day02\Day02.csproj", "{4820B1B9-FA63-4EFD-8E4F-0CF8B130E831}"
EndProject
Project("{9A19103F-16F7-4668-BE54-9A1E7A4F7556}") = "day03", "Day03\day03.csproj", "{FAC6E848-FCE9-4247-8942-C6086F2E7962}"
EndProject
Project("{9A19103F-16F7-4668-BE54-9A1E7A4F7556}") = "Day04", "Day04\Day04.csproj", "{31D52E24-2492-459C-ACC5-703196A519A8}"
EndProject
Project("{9A19103F-16F7-4668-BE54-9A1E7A4F7556}") = "Day05", "Day05\Day05.csproj", "{1AB8B1D1-6AF3-4CF9-8663-7795DE9935D0}"
EndProject
Project("{9A19103F-16F7-4668-BE54-9A1E7A4F7556}") = "Day06", "Day06\Day06.csproj", "{371CC07A-2B47-43FB-B23D-CFA6D7AED3C7}"
EndProject
Project("{9A19103F-16F7-4668-BE54-9A1E7A4F7556}") = "Day07", "Day07\Day07\Day07.csproj", "{F8202208-43B7-4BB8-9541-53DAA2F654E0}"
EndProject
Project("{9A19103F-16F7-4668-BE54-9A1E7A4F7556}") = "Day08", "Day08\Day08\Day08.csproj", "{A5CABD2B-6721-4CEE-AF4A-3EF6C6CF331E}"
EndProject
Project("{9A19103F-16F7-4668-BE54-9A1E7A4F7556}") = "Day09", "Day09\Day09\Day09.csproj", "{9B1ED99A-11D4-4C57-B1EB-6DA2B4B931B6}"
EndProject
Project("{FAE04EC0-301F-11D3-BF4B-00C04F79EFBC}") = "Day10", "Day10\Day10\Day10.csproj", "{B0DF0142-B321-449F-AEAF-EAB66DB13212}"
EndProject
Global
	GlobalSection(SolutionConfigurationPlatforms) = preSolution
		Debug|Any CPU = Debug|Any CPU
		Release|Any CPU = Release|Any CPU
	EndGlobalSection
	GlobalSection(ProjectConfigurationPlatforms) = postSolution
		{54B4CF00-A4C1-405B-AD8F-3722E703BEB0}.Debug|Any CPU.ActiveCfg = Debug|Any CPU
		{54B4CF00-A4C1-405B-AD8F-3722E703BEB0}.Debug|Any CPU.Build.0 = Debug|Any CPU
		{54B4CF00-A4C1-405B-AD8F-3722E703BEB0}.Release|Any CPU.ActiveCfg = Release|Any CPU
		{54B4CF00-A4C1-405B-AD8F-3722E703BEB0}.Release|Any CPU.Build.0 = Release|Any CPU
		{4820B1B9-FA63-4EFD-8E4F-0CF8B130E831}.Debug|Any CPU.ActiveCfg = Debug|Any CPU
		{4820B1B9-FA63-4EFD-8E4F-0CF8B130E831}.Debug|Any CPU.Build.0 = Debug|Any CPU
		{4820B1B9-FA63-4EFD-8E4F-0CF8B130E831}.Release|Any CPU.ActiveCfg = Release|Any CPU
		{4820B1B9-FA63-4EFD-8E4F-0CF8B130E831}.Release|Any CPU.Build.0 = Release|Any CPU
		{FAC6E848-FCE9-4247-8942-C6086F2E7962}.Debug|Any CPU.ActiveCfg = Debug|Any CPU
		{FAC6E848-FCE9-4247-8942-C6086F2E7962}.Debug|Any CPU.Build.0 = Debug|Any CPU
		{FAC6E848-FCE9-4247-8942-C6086F2E7962}.Release|Any CPU.ActiveCfg = Release|Any CPU
		{FAC6E848-FCE9-4247-8942-C6086F2E7962}.Release|Any CPU.Build.0 = Release|Any CPU
		{31D52E24-2492-459C-ACC5-703196A519A8}.Debug|Any CPU.ActiveCfg = Debug|Any CPU
		{31D52E24-2492-459C-ACC5-703196A519A8}.Debug|Any CPU.Build.0 = Debug|Any CPU
		{31D52E24-2492-459C-ACC5-703196A519A8}.Release|Any CPU.ActiveCfg = Release|Any CPU
		{31D52E24-2492-459C-ACC5-703196A519A8}.Release|Any CPU.Build.0 = Release|Any CPU
		{1AB8B1D1-6AF3-4CF9-8663-7795DE9935D0}.Debug|Any CPU.ActiveCfg = Debug|Any CPU
		{1AB8B1D1-6AF3-4CF9-8663-7795DE9935D0}.Debug|Any CPU.Build.0 = Debug|Any CPU
		{1AB8B1D1-6AF3-4CF9-8663-7795DE9935D0}.Release|Any CPU.ActiveCfg = Release|Any CPU
		{1AB8B1D1-6AF3-4CF9-8663-7795DE9935D0}.Release|Any CPU.Build.0 = Release|Any CPU
		{371CC07A-2B47-43FB-B23D-CFA6D7AED3C7}.Debug|Any CPU.ActiveCfg = Debug|Any CPU
		{371CC07A-2B47-43FB-B23D-CFA6D7AED3C7}.Debug|Any CPU.Build.0 = Debug|Any CPU
		{371CC07A-2B47-43FB-B23D-CFA6D7AED3C7}.Release|Any CPU.ActiveCfg = Release|Any CPU
		{371CC07A-2B47-43FB-B23D-CFA6D7AED3C7}.Release|Any CPU.Build.0 = Release|Any CPU
		{F8202208-43B7-4BB8-9541-53DAA2F654E0}.Debug|Any CPU.ActiveCfg = Debug|Any CPU
		{F8202208-43B7-4BB8-9541-53DAA2F654E0}.Debug|Any CPU.Build.0 = Debug|Any CPU
		{F8202208-43B7-4BB8-9541-53DAA2F654E0}.Release|Any CPU.ActiveCfg = Release|Any CPU
		{F8202208-43B7-4BB8-9541-53DAA2F654E0}.Release|Any CPU.Build.0 = Release|Any CPU
		{A5CABD2B-6721-4CEE-AF4A-3EF6C6CF331E}.Debug|Any CPU.ActiveCfg = Debug|Any CPU
		{A5CABD2B-6721-4CEE-AF4A-3EF6C6CF331E}.Debug|Any CPU.Build.0 = Debug|Any CPU
		{A5CABD2B-6721-4CEE-AF4A-3EF6C6CF331E}.Release|Any CPU.ActiveCfg = Release|Any CPU
		{A5CABD2B-6721-4CEE-AF4A-3EF6C6CF331E}.Release|Any CPU.Build.0 = Release|Any CPU
		{9B1ED99A-11D4-4C57-B1EB-6DA2B4B931B6}.Debug|Any CPU.ActiveCfg = Debug|Any CPU
		{9B1ED99A-11D4-4C57-B1EB-6DA2B4B931B6}.Debug|Any CPU.Build.0 = Debug|Any CPU
		{9B1ED99A-11D4-4C57-B1EB-6DA2B4B931B6}.Release|Any CPU.ActiveCfg = Release|Any CPU
		{9B1ED99A-11D4-4C57-B1EB-6DA2B4B931B6}.Release|Any CPU.Build.0 = Release|Any CPU
		{B0DF0142-B321-449F-AEAF-EAB66DB13212}.Debug|Any CPU.ActiveCfg = Debug|Any CPU
		{B0DF0142-B321-449F-AEAF-EAB66DB13212}.Debug|Any CPU.Build.0 = Debug|Any CPU
		{B0DF0142-B321-449F-AEAF-EAB66DB13212}.Release|Any CPU.ActiveCfg = Release|Any CPU
		{B0DF0142-B321-449F-AEAF-EAB66DB13212}.Release|Any CPU.Build.0 = Release|Any CPU
	EndGlobalSection
	GlobalSection(SolutionProperties) = preSolution
		HideSolutionNode = FALSE
	EndGlobalSection
	GlobalSection(ExtensibilityGlobals) = postSolution
		SolutionGuid = {78C4CB7B-8D9C-4636-87FE-80D596BB387A}
	EndGlobalSection
EndGlobal
